{
  "pins" : [
    {
      "identity" : "logmanager",
      "kind" : "remoteSourceControl",
      "location" : "https://github.com/martinmaly21/LogManager",
      "state" : {
        "revision" : "43246309d90d7754a5e9afec82eed5fa4eeb1a1d"
      }
    },
    {
      "identity" : "soundmanager",
      "kind" : "remoteSourceControl",
      "location" : "https://github.com/martinmaly21/SoundManager",
      "state" : {
        "revision" : "9b0100240d5364b545c1be3f610987de200f4780"
      }
    },
    {
      "identity" : "swiftletutilities",
      "kind" : "remoteSourceControl",
      "location" : "https://github.com/martinmaly21/SwiftletUtilities",
      "state" : {
        "revision" : "36b64e715a46117abb05f04ee32b5d6045b726ec"
      }
    }
  ],
  "version" : 2
}
